
Microsoft Visual Studio Solution File, Format Version 12.00
# Visual Studio Version 17
VisualStudioVersion = 17.14.36109.1 d17.14
MinimumVisualStudioVersion = 10.0.40219.1
Project("{FAE04EC0-301F-11D3-BF4B-00C04F79EFBC}") = "BMI calculator", "BMI calculator\BMI calculator.csproj", "{CBAB67A8-8CB1-4744-8A43-41C31CD162BE}"
EndProject
Global
	GlobalSection(SolutionConfigurationPlatforms) = preSolution
		Debug|Any CPU = Debug|Any CPU
		Release|Any CPU = Release|Any CPU
	EndGlobalSection
	GlobalSection(ProjectConfigurationPlatforms) = postSolution
		{CBAB67A8-8CB1-4744-8A43-41C31CD162BE}.Debug|Any CPU.ActiveCfg = Debug|Any CPU
		{CBAB67A8-8CB1-4744-8A43-41C31CD162BE}.Debug|Any CPU.Build.0 = Debug|Any CPU
		{CBAB67A8-8CB1-4744-8A43-41C31CD162BE}.Release|Any CPU.ActiveCfg = Release|Any CPU
		{CBAB67A8-8CB1-4744-8A43-41C31CD162BE}.Release|Any CPU.Build.0 = Release|Any CPU
	EndGlobalSection
	GlobalSection(SolutionProperties) = preSolution
		HideSolutionNode = FALSE
	EndGlobalSection
	GlobalSection(ExtensibilityGlobals) = postSolution
		SolutionGuid = {9641CDCE-B86E-4A76-A3FC-732E091021D8}
	EndGlobalSection
EndGlobal
